
Microsoft Visual Studio Solution File, Format Version 12.00
# Visual Studio 14
VisualStudioVersion = 14.0.25420.1
MinimumVisualStudioVersion = 10.0.40219.1
Project("{FAE04EC0-301F-11D3-BF4B-00C04F79EFBC}") = "ABCFTPOracle", "ABCFTPOracle\ABCFTPOracle.csproj", "{69FE80A4-7443-4DCA-BA4C-70B8501F5A0E}"
EndProject
Global
	GlobalSection(SolutionConfigurationPlatforms) = preSolution
		Debug|Any CPU = Debug|Any CPU
		Release|Any CPU = Release|Any CPU
	EndGlobalSection
	GlobalSection(ProjectConfigurationPlatforms) = postSolution
		{69FE80A4-7443-4DCA-BA4C-70B8501F5A0E}.Debug|Any CPU.ActiveCfg = Debug|Any CPU
		{69FE80A4-7443-4DCA-BA4C-70B8501F5A0E}.Debug|Any CPU.Build.0 = Debug|Any CPU
		{69FE80A4-7443-4DCA-BA4C-70B8501F5A0E}.Release|Any CPU.ActiveCfg = Release|Any CPU
		{69FE80A4-7443-4DCA-BA4C-70B8501F5A0E}.Release|Any CPU.Build.0 = Release|Any CPU
	EndGlobalSection
	GlobalSection(SolutionProperties) = preSolution
		HideSolutionNode = FALSE
	EndGlobalSection
EndGlobal
